
Microsoft Visual Studio Solution File, Format Version 12.00
# Visual Studio Version 17
VisualStudioVersion = 17.0.31423.177
MinimumVisualStudioVersion = 10.0.40219.1
Project("{FAE04EC0-301F-11D3-BF4B-00C04F79EFBC}") = "NeumorphismCalculator.UWP", "NeumorphismCalculator\NeumorphismCalculator.UWP\NeumorphismCalculator.UWP.csproj", "{673ED3D1-BBE0-4A9B-A928-D72DAC5254A4}"
EndProject
Project("{FAE04EC0-301F-11D3-BF4B-00C04F79EFBC}") = "NeumorphismCalculator.Android", "NeumorphismCalculator\NeumorphismCalculator.Android\NeumorphismCalculator.Android.csproj", "{2E7E4B8C-A94F-43E6-AE3E-2D2225B33166}"
EndProject
Project("{FAE04EC0-301F-11D3-BF4B-00C04F79EFBC}") = "NeumorphismCalculator.iOS", "NeumorphismCalculator\NeumorphismCalculator.iOS\NeumorphismCalculator.iOS.csproj", "{36A54683-2298-46B1-9806-9F44ADC49D33}"
EndProject
Project("{FAE04EC0-301F-11D3-BF4B-00C04F79EFBC}") = "NeumorphismCalculator", "NeumorphismCalculator\NeumorphismCalculator\NeumorphismCalculator.csproj", "{8E8911F9-CB0D-4362-8467-802710A13023}"
EndProject
Global
	GlobalSection(SolutionConfigurationPlatforms) = preSolution
		Debug|Any CPU = Debug|Any CPU
		Debug|ARM = Debug|ARM
		Debug|iPhone = Debug|iPhone
		Debug|iPhoneSimulator = Debug|iPhoneSimulator
		Debug|x64 = Debug|x64
		Debug|x86 = Debug|x86
		Release|Any CPU = Release|Any CPU
		Release|ARM = Release|ARM
		Release|iPhone = Release|iPhone
		Release|iPhoneSimulator = Release|iPhoneSimulator
		Release|x64 = Release|x64
		Release|x86 = Release|x86
	EndGlobalSection
	GlobalSection(ProjectConfigurationPlatforms) = postSolution
		{673ED3D1-BBE0-4A9B-A928-D72DAC5254A4}.Debug|Any CPU.ActiveCfg = Debug|x86
		{673ED3D1-BBE0-4A9B-A928-D72DAC5254A4}.Debug|Any CPU.Build.0 = Debug|x86
		{673ED3D1-BBE0-4A9B-A928-D72DAC5254A4}.Debug|Any CPU.Deploy.0 = Debug|x86
		{673ED3D1-BBE0-4A9B-A928-D72DAC5254A4}.Debug|ARM.ActiveCfg = Debug|ARM
		{673ED3D1-BBE0-4A9B-A928-D72DAC5254A4}.Debug|ARM.Build.0 = Debug|ARM
		{673ED3D1-BBE0-4A9B-A928-D72DAC5254A4}.Debug|ARM.Deploy.0 = Debug|ARM
		{673ED3D1-BBE0-4A9B-A928-D72DAC5254A4}.Debug|iPhone.ActiveCfg = Debug|x86
		{673ED3D1-BBE0-4A9B-A928-D72DAC5254A4}.Debug|iPhone.Build.0 = Debug|x86
		{673ED3D1-BBE0-4A9B-A928-D72DAC5254A4}.Debug|iPhone.Deploy.0 = Debug|x86
		{673ED3D1-BBE0-4A9B-A928-D72DAC5254A4}.Debug|iPhoneSimulator.ActiveCfg = Debug|x86
		{673ED3D1-BBE0-4A9B-A928-D72DAC5254A4}.Debug|iPhoneSimulator.Build.0 = Debug|x86
		{673ED3D1-BBE0-4A9B-A928-D72DAC5254A4}.Debug|iPhoneSimulator.Deploy.0 = Debug|x86
		{673ED3D1-BBE0-4A9B-A928-D72DAC5254A4}.Debug|x64.ActiveCfg = Debug|x64
		{673ED3D1-BBE0-4A9B-A928-D72DAC5254A4}.Debug|x64.Build.0 = Debug|x64
		{673ED3D1-BBE0-4A9B-A928-D72DAC5254A4}.Debug|x64.Deploy.0 = Debug|x64
		{673ED3D1-BBE0-4A9B-A928-D72DAC5254A4}.Debug|x86.ActiveCfg = Debug|x86
		{673ED3D1-BBE0-4A9B-A928-D72DAC5254A4}.Debug|x86.Build.0 = Debug|x86
		{673ED3D1-BBE0-4A9B-A928-D72DAC5254A4}.Debug|x86.Deploy.0 = Debug|x86
		{673ED3D1-BBE0-4A9B-A928-D72DAC5254A4}.Release|Any CPU.ActiveCfg = Release|x86
		{673ED3D1-BBE0-4A9B-A928-D72DAC5254A4}.Release|Any CPU.Build.0 = Release|x86
		{673ED3D1-BBE0-4A9B-A928-D72DAC5254A4}.Release|Any CPU.Deploy.0 = Release|x86
		{673ED3D1-BBE0-4A9B-A928-D72DAC5254A4}.Release|ARM.ActiveCfg = Release|ARM
		{673ED3D1-BBE0-4A9B-A928-D72DAC5254A4}.Release|ARM.Build.0 = Release|ARM
		{673ED3D1-BBE0-4A9B-A928-D72DAC5254A4}.Release|ARM.Deploy.0 = Release|ARM
		{673ED3D1-BBE0-4A9B-A928-D72DAC5254A4}.Release|iPhone.ActiveCfg = Release|x86
		{673ED3D1-BBE0-4A9B-A928-D72DAC5254A4}.Release|iPhone.Build.0 = Release|x86
		{673ED3D1-BBE0-4A9B-A928-D72DAC5254A4}.Release|iPhone.Deploy.0 = Release|x86
		{673ED3D1-BBE0-4A9B-A928-D72DAC5254A4}.Release|iPhoneSimulator.ActiveCfg = Release|x86
		{673ED3D1-BBE0-4A9B-A928-D72DAC5254A4}.Release|iPhoneSimulator.Build.0 = Release|x86
		{673ED3D1-BBE0-4A9B-A928-D72DAC5254A4}.Release|iPhoneSimulator.Deploy.0 = Release|x86
		{673ED3D1-BBE0-4A9B-A928-D72DAC5254A4}.Release|x64.ActiveCfg = Release|x64
		{673ED3D1-BBE0-4A9B-A928-D72DAC5254A4}.Release|x64.Build.0 = Release|x64
		{673ED3D1-BBE0-4A9B-A928-D72DAC5254A4}.Release|x64.Deploy.0 = Release|x64
		{673ED3D1-BBE0-4A9B-A928-D72DAC5254A4}.Release|x86.ActiveCfg = Release|x86
		{673ED3D1-BBE0-4A9B-A928-D72DAC5254A4}.Release|x86.Build.0 = Release|x86
		{673ED3D1-BBE0-4A9B-A928-D72DAC5254A4}.Release|x86.Deploy.0 = Release|x86
		{2E7E4B8C-A94F-43E6-AE3E-2D2225B33166}.Debug|Any CPU.ActiveCfg = Debug|Any CPU
		{2E7E4B8C-A94F-43E6-AE3E-2D2225B33166}.Debug|Any CPU.Build.0 = Debug|Any CPU
		{2E7E4B8C-A94F-43E6-AE3E-2D2225B33166}.Debug|Any CPU.Deploy.0 = Debug|Any CPU
		{2E7E4B8C-A94F-43E6-AE3E-2D2225B33166}.Debug|ARM.ActiveCfg = Debug|Any CPU
		{2E7E4B8C-A94F-43E6-AE3E-2D2225B33166}.Debug|ARM.Build.0 = Debug|Any CPU
		{2E7E4B8C-A94F-43E6-AE3E-2D2225B33166}.Debug|ARM.Deploy.0 = Debug|Any CPU
		{2E7E4B8C-A94F-43E6-AE3E-2D2225B33166}.Debug|iPhone.ActiveCfg = Debug|Any CPU
		{2E7E4B8C-A94F-43E6-AE3E-2D2225B33166}.Debug|iPhone.Build.0 = Debug|Any CPU
		{2E7E4B8C-A94F-43E6-AE3E-2D2225B33166}.Debug|iPhone.Deploy.0 = Debug|Any CPU
		{2E7E4B8C-A94F-43E6-AE3E-2D2225B33166}.Debug|iPhoneSimulator.ActiveCfg = Debug|Any CPU
		{2E7E4B8C-A94F-43E6-AE3E-2D2225B33166}.Debug|iPhoneSimulator.Build.0 = Debug|Any CPU
		{2E7E4B8C-A94F-43E6-AE3E-2D2225B33166}.Debug|iPhoneSimulator.Deploy.0 = Debug|Any CPU
		{2E7E4B8C-A94F-43E6-AE3E-2D2225B33166}.Debug|x64.ActiveCfg = Debug|Any CPU
		{2E7E4B8C-A94F-43E6-AE3E-2D2225B33166}.Debug|x64.Build.0 = Debug|Any CPU
		{2E7E4B8C-A94F-43E6-AE3E-2D2225B33166}.Debug|x64.Deploy.0 = Debug|Any CPU
		{2E7E4B8C-A94F-43E6-AE3E-2D2225B33166}.Debug|x86.ActiveCfg = Debug|Any CPU
		{2E7E4B8C-A94F-43E6-AE3E-2D2225B33166}.Debug|x86.Build.0 = Debug|Any CPU
		{2E7E4B8C-A94F-43E6-AE3E-2D2225B33166}.Debug|x86.Deploy.0 = Debug|Any CPU
		{2E7E4B8C-A94F-43E6-AE3E-2D2225B33166}.Release|Any CPU.ActiveCfg = Release|Any CPU
		{2E7E4B8C-A94F-43E6-AE3E-2D2225B33166}.Release|Any CPU.Build.0 = Release|Any CPU
		{2E7E4B8C-A94F-43E6-AE3E-2D2225B33166}.Release|Any CPU.Deploy.0 = Release|Any CPU
		{2E7E4B8C-A94F-43E6-AE3E-2D2225B33166}.Release|ARM.ActiveCfg = Release|Any CPU
		{2E7E4B8C-A94F-43E6-AE3E-2D2225B33166}.Release|ARM.Build.0 = Release|Any CPU
		{2E7E4B8C-A94F-43E6-AE3E-2D2225B33166}.Release|ARM.Deploy.0 = Release|Any CPU
		{2E7E4B8C-A94F-43E6-AE3E-2D2225B33166}.Release|iPhone.ActiveCfg = Release|Any CPU
		{2E7E4B8C-A94F-43E6-AE3E-2D2225B33166}.Release|iPhone.Build.0 = Release|Any CPU
		{2E7E4B8C-A94F-43E6-AE3E-2D2225B33166}.Release|iPhone.Deploy.0 = Release|Any CPU
		{2E7E4B8C-A94F-43E6-AE3E-2D2225B33166}.Release|iPhoneSimulator.ActiveCfg = Release|Any CPU
		{2E7E4B8C-A94F-43E6-AE3E-2D2225B33166}.Release|iPhoneSimulator.Build.0 = Release|Any CPU
		{2E7E4B8C-A94F-43E6-AE3E-2D2225B33166}.Release|iPhoneSimulator.Deploy.0 = Release|Any CPU
		{2E7E4B8C-A94F-43E6-AE3E-2D2225B33166}.Release|x64.ActiveCfg = Release|Any CPU
		{2E7E4B8C-A94F-43E6-AE3E-2D2225B33166}.Release|x64.Build.0 = Release|Any CPU
		{2E7E4B8C-A94F-43E6-AE3E-2D2225B33166}.Release|x64.Deploy.0 = Release|Any CPU
		{2E7E4B8C-A94F-43E6-AE3E-2D2225B33166}.Release|x86.ActiveCfg = Release|Any CPU
		{2E7E4B8C-A94F-43E6-AE3E-2D2225B33166}.Release|x86.Build.0 = Release|Any CPU
		{2E7E4B8C-A94F-43E6-AE3E-2D2225B33166}.Release|x86.Deploy.0 = Release|Any CPU
		{36A54683-2298-46B1-9806-9F44ADC49D33}.Debug|Any CPU.ActiveCfg = Debug|iPhoneSimulator
		{36A54683-2298-46B1-9806-9F44ADC49D33}.Debug|Any CPU.Build.0 = Debug|iPhoneSimulator
		{36A54683-2298-46B1-9806-9F44ADC49D33}.Debug|Any CPU.Deploy.0 = Debug|iPhoneSimulator
		{36A54683-2298-46B1-9806-9F44ADC49D33}.Debug|ARM.ActiveCfg = Debug|iPhone
		{36A54683-2298-46B1-9806-9F44ADC49D33}.Debug|ARM.Build.0 = Debug|iPhone
		{36A54683-2298-46B1-9806-9F44ADC49D33}.Debug|ARM.Deploy.0 = Debug|iPhone
		{36A54683-2298-46B1-9806-9F44ADC49D33}.Debug|iPhone.ActiveCfg = Debug|iPhone
		{36A54683-2298-46B1-9806-9F44ADC49D33}.Debug|iPhone.Build.0 = Debug|iPhone
		{36A54683-2298-46B1-9806-9F44ADC49D33}.Debug|iPhone.Deploy.0 = Debug|iPhone
		{36A54683-2298-46B1-9806-9F44ADC49D33}.Debug|iPhoneSimulator.ActiveCfg = Debug|iPhoneSimulator
		{36A54683-2298-46B1-9806-9F44ADC49D33}.Debug|iPhoneSimulator.Build.0 = Debug|iPhoneSimulator
		{36A54683-2298-46B1-9806-9F44ADC49D33}.Debug|iPhoneSimulator.Deploy.0 = Debug|iPhoneSimulator
		{36A54683-2298-46B1-9806-9F44ADC49D33}.Debug|x64.ActiveCfg = Debug|iPhoneSimulator
		{36A54683-2298-46B1-9806-9F44ADC49D33}.Debug|x64.Build.0 = Debug|iPhoneSimulator
		{36A54683-2298-46B1-9806-9F44ADC49D33}.Debug|x64.Deploy.0 = Debug|iPhoneSimulator
		{36A54683-2298-46B1-9806-9F44ADC49D33}.Debug|x86.ActiveCfg = Debug|iPhoneSimulator
		{36A54683-2298-46B1-9806-9F44ADC49D33}.Debug|x86.Build.0 = Debug|iPhoneSimulator
		{36A54683-2298-46B1-9806-9F44ADC49D33}.Debug|x86.Deploy.0 = Debug|iPhoneSimulator
		{36A54683-2298-46B1-9806-9F44ADC49D33}.Release|Any CPU.ActiveCfg = Release|iPhoneSimulator
		{36A54683-2298-46B1-9806-9F44ADC49D33}.Release|Any CPU.Build.0 = Release|iPhoneSimulator
		{36A54683-2298-46B1-9806-9F44ADC49D33}.Release|Any CPU.Deploy.0 = Release|iPhoneSimulator
		{36A54683-2298-46B1-9806-9F44ADC49D33}.Release|ARM.ActiveCfg = Release|iPhoneSimulator
		{36A54683-2298-46B1-9806-9F44ADC49D33}.Release|ARM.Build.0 = Release|iPhoneSimulator
		{36A54683-2298-46B1-9806-9F44ADC49D33}.Release|ARM.Deploy.0 = Release|iPhoneSimulator
		{36A54683-2298-46B1-9806-9F44ADC49D33}.Release|iPhone.ActiveCfg = Release|iPhone
		{36A54683-2298-46B1-9806-9F44ADC49D33}.Release|iPhone.Build.0 = Release|iPhone
		{36A54683-2298-46B1-9806-9F44ADC49D33}.Release|iPhone.Deploy.0 = Release|iPhone
		{36A54683-2298-46B1-9806-9F44ADC49D33}.Release|iPhoneSimulator.ActiveCfg = Release|iPhoneSimulator
		{36A54683-2298-46B1-9806-9F44ADC49D33}.Release|iPhoneSimulator.Build.0 = Release|iPhoneSimulator
		{36A54683-2298-46B1-9806-9F44ADC49D33}.Release|iPhoneSimulator.Deploy.0 = Release|iPhoneSimulator
		{36A54683-2298-46B1-9806-9F44ADC49D33}.Release|x64.ActiveCfg = Release|iPhoneSimulator
		{36A54683-2298-46B1-9806-9F44ADC49D33}.Release|x64.Build.0 = Release|iPhoneSimulator
		{36A54683-2298-46B1-9806-9F44ADC49D33}.Release|x64.Deploy.0 = Release|iPhoneSimulator
		{36A54683-2298-46B1-9806-9F44ADC49D33}.Release|x86.ActiveCfg = Release|iPhoneSimulator
		{36A54683-2298-46B1-9806-9F44ADC49D33}.Release|x86.Build.0 = Release|iPhoneSimulator
		{36A54683-2298-46B1-9806-9F44ADC49D33}.Release|x86.Deploy.0 = Release|iPhoneSimulator
		{8E8911F9-CB0D-4362-8467-802710A13023}.Debug|Any CPU.ActiveCfg = Debug|Any CPU
		{8E8911F9-CB0D-4362-8467-802710A13023}.Debug|Any CPU.Build.0 = Debug|Any CPU
		{8E8911F9-CB0D-4362-8467-802710A13023}.Debug|Any CPU.Deploy.0 = Debug|Any CPU
		{8E8911F9-CB0D-4362-8467-802710A13023}.Debug|ARM.ActiveCfg = Debug|Any CPU
		{8E8911F9-CB0D-4362-8467-802710A13023}.Debug|ARM.Build.0 = Debug|Any CPU
		{8E8911F9-CB0D-4362-8467-802710A13023}.Debug|ARM.Deploy.0 = Debug|Any CPU
		{8E8911F9-CB0D-4362-8467-802710A13023}.Debug|iPhone.ActiveCfg = Debug|Any CPU
		{8E8911F9-CB0D-4362-8467-802710A13023}.Debug|iPhone.Build.0 = Debug|Any CPU
		{8E8911F9-CB0D-4362-8467-802710A13023}.Debug|iPhone.Deploy.0 = Debug|Any CPU
		{8E8911F9-CB0D-4362-8467-802710A13023}.Debug|iPhoneSimulator.ActiveCfg = Debug|Any CPU
		{8E8911F9-CB0D-4362-8467-802710A13023}.Debug|iPhoneSimulator.Build.0 = Debug|Any CPU
		{8E8911F9-CB0D-4362-8467-802710A13023}.Debug|iPhoneSimulator.Deploy.0 = Debug|Any CPU
		{8E8911F9-CB0D-4362-8467-802710A13023}.Debug|x64.ActiveCfg = Debug|Any CPU
		{8E8911F9-CB0D-4362-8467-802710A13023}.Debug|x64.Build.0 = Debug|Any CPU
		{8E8911F9-CB0D-4362-8467-802710A13023}.Debug|x64.Deploy.0 = Debug|Any CPU
		{8E8911F9-CB0D-4362-8467-802710A13023}.Debug|x86.ActiveCfg = Debug|Any CPU
		{8E8911F9-CB0D-4362-8467-802710A13023}.Debug|x86.Build.0 = Debug|Any CPU
		{8E8911F9-CB0D-4362-8467-802710A13023}.Debug|x86.Deploy.0 = Debug|Any CPU
		{8E8911F9-CB0D-4362-8467-802710A13023}.Release|Any CPU.ActiveCfg = Release|Any CPU
		{8E8911F9-CB0D-4362-8467-802710A13023}.Release|Any CPU.Build.0 = Release|Any CPU
		{8E8911F9-CB0D-4362-8467-802710A13023}.Release|Any CPU.Deploy.0 = Release|Any CPU
		{8E8911F9-CB0D-4362-8467-802710A13023}.Release|ARM.ActiveCfg = Release|Any CPU
		{8E8911F9-CB0D-4362-8467-802710A13023}.Release|ARM.Build.0 = Release|Any CPU
		{8E8911F9-CB0D-4362-8467-802710A13023}.Release|ARM.Deploy.0 = Release|Any CPU
		{8E8911F9-CB0D-4362-8467-802710A13023}.Release|iPhone.ActiveCfg = Release|Any CPU
		{8E8911F9-CB0D-4362-8467-802710A13023}.Release|iPhone.Build.0 = Release|Any CPU
		{8E8911F9-CB0D-4362-8467-802710A13023}.Release|iPhone.Deploy.0 = Release|Any CPU
		{8E8911F9-CB0D-4362-8467-802710A13023}.Release|iPhoneSimulator.ActiveCfg = Release|Any CPU
		{8E8911F9-CB0D-4362-8467-802710A13023}.Release|iPhoneSimulator.Build.0 = Release|Any CPU
		{8E8911F9-CB0D-4362-8467-802710A13023}.Release|iPhoneSimulator.Deploy.0 = Release|Any CPU
		{8E8911F9-CB0D-4362-8467-802710A13023}.Release|x64.ActiveCfg = Release|Any CPU
		{8E8911F9-CB0D-4362-8467-802710A13023}.Release|x64.Build.0 = Release|Any CPU
		{8E8911F9-CB0D-4362-8467-802710A13023}.Release|x64.Deploy.0 = Release|Any CPU
		{8E8911F9-CB0D-4362-8467-802710A13023}.Release|x86.ActiveCfg = Release|Any CPU
		{8E8911F9-CB0D-4362-8467-802710A13023}.Release|x86.Build.0 = Release|Any CPU
		{8E8911F9-CB0D-4362-8467-802710A13023}.Release|x86.Deploy.0 = Release|Any CPU
	EndGlobalSection
	GlobalSection(SolutionProperties) = preSolution
		HideSolutionNode = FALSE
	EndGlobalSection
	GlobalSection(ExtensibilityGlobals) = postSolution
		SolutionGuid = {10FCF7CC-1692-4D6A-A57F-BE32021D2825}
	EndGlobalSection
EndGlobal
